
Microsoft Visual Studio Solution File, Format Version 12.00
# Visual Studio Version 17
VisualStudioVersion = 17.8.34511.84
MinimumVisualStudioVersion = 10.0.40219.1
Project("{FAE04EC0-301F-11D3-BF4B-00C04F79EFBC}") = "Branching Assignment", "Branching Assignment\Branching Assignment.csproj", "{22E66E2C-8F90-41FB-B99E-09DE7A90CADF}"
EndProject
Global
	GlobalSection(SolutionConfigurationPlatforms) = preSolution
		Debug|Any CPU = Debug|Any CPU
		Release|Any CPU = Release|Any CPU
	EndGlobalSection
	GlobalSection(ProjectConfigurationPlatforms) = postSolution
		{22E66E2C-8F90-41FB-B99E-09DE7A90CADF}.Debug|Any CPU.ActiveCfg = Debug|Any CPU
		{22E66E2C-8F90-41FB-B99E-09DE7A90CADF}.Debug|Any CPU.Build.0 = Debug|Any CPU
		{22E66E2C-8F90-41FB-B99E-09DE7A90CADF}.Release|Any CPU.ActiveCfg = Release|Any CPU
		{22E66E2C-8F90-41FB-B99E-09DE7A90CADF}.Release|Any CPU.Build.0 = Release|Any CPU
	EndGlobalSection
	GlobalSection(SolutionProperties) = preSolution
		HideSolutionNode = FALSE
	EndGlobalSection
	GlobalSection(ExtensibilityGlobals) = postSolution
		SolutionGuid = {B076E0E8-FF49-4CAA-AF5F-847BC5CB5EAE}
	EndGlobalSection
EndGlobal
